{
  "nodes": {
    "alireza-skills": {
      "flake": false,
      "locked": {
        "lastModified": 1787752382,
        "narHash": "sha256-ehAXxfKTvK0QZrSkUfweQdTud7NTvQermM+jJF2ggV0=",
        "owner": "alirezarezvani",
        "repo": "claude-skills",
        "rev": "19392f7a08264ed00486a251f5b2098321771f94",
        "type": "github"
      },
      "original": {
        "owner": "alirezarezvani",
        "repo": "claude-skills",
        "type": "github"
      }
    },
    "anthropic-skills": {
      "flake": false,
      "locked": {
        "lastModified": 1789069448,
        "narHash": "sha256-tI4bTTBfI1ylltklGyiyA7pLoKXEWtrT6lrmwrpLbCw=",
        "owner": "anthropics",
        "repo": "skills",
        "rev": "34040c9c568585f6929bedeaad110ad08f079624",
        "type": "github"
      },
      "original": {
        "owner": "anthropics",
        "repo": "skills",
        "type": "github"
      }
    },
    "darwin": {
      "inputs": {
        "nixpkgs": [
          "nixpkgs-darwin"
        ]
      },
      "locked": {
        "lastModified": 1783744694,
        "narHash": "sha256-2cp6N3rrwnGYLTx9l6N+NI+kwrCWxvJUbj5WJhvB29A=",
        "owner": "lnl7",
        "repo": "nix-darwin",
        "rev": "c3e90c89649b07d1a96e4b9dd6cd0d6e44b91a74",
        "type": "github"
      },
      "original": {
        "owner": "lnl7",
        "ref": "nix-darwin-26.05",
        "repo": "nix-darwin",
        "type": "github"
      }
    },
    "emil-skills": {
      "flake": false,
      "locked": {
        "lastModified": 1787304752,
        "narHash": "sha256-VNTgOF9nKz+kkwVvuchepbi0q++2/PfT/gQpplpQcMc=",
        "owner": "emilkowalski",
        "repo": "skills",
        "rev": "d23d7f88a2e21c9e4b1418c7abe420f5c1052ba7",
        "type": "github"
      },
      "original": {
        "owner": "emilkowalski",
        "repo": "skills",
        "type": "github"
      }
    },
    "grc-skills": {
      "flake": false,
      "locked": {
        "lastModified": 1788625721,
        "narHash": "sha256-KNw2P3O32MCi4PoiyEpxJlOdW9xXYM2Sb7qM0PJXqmw=",
        "owner": "Sushegaad",
        "repo": "Claude-Skills-Governance-Risk-and-Compliance",
        "rev": "f47afba773c01222b69296be8f6701657dedb9f0",
        "type": "github"
      },
      "original": {
        "owner": "Sushegaad",
        "repo": "Claude-Skills-Governance-Risk-and-Compliance",
        "type": "github"
      }
    },
    "home-manager": {
      "inputs": {
        "nixpkgs": [
          "nixpkgs"
        ]
      },
      "locked": {
        "lastModified": 1788642154,
        "narHash": "sha256-sPpQFVaFTDqO/4vvCAhuAhqTgqN/ygu+9eJcs5eB0js=",
        "owner": "nix-community",
        "repo": "home-manager",
        "rev": "fd0956c99c41ae3c13a73a638f1f7e963aebc4ab",
        "type": "github"
      },
      "original": {
        "owner": "nix-community",
        "ref": "release-26.05",
        "repo": "home-manager",
        "type": "github"
      }
    },
    "jianyuelab-docs": {
      "flake": false,
      "locked": {
        "lastModified": 1788148350,
        "narHash": "sha256-9jZtaOqVXvDWrIHRDMi+Fe5BgXbjG50D0qfNjRMvyI4=",
        "ref": "main",
        "rev": "5e17a82dd37f6b770963e4995da11ab0a830c691",
        "shallow": true,
        "type": "git",
        "url": "ssh://git@github.com/JianyueLab/Docs.git"
      },
      "original": {
        "ref": "main",
        "shallow": true,
        "type": "git",
        "url": "ssh://git@github.com/JianyueLab/Docs.git"
      }
    },
    "jianyuelab-plugins": {
      "flake": false,
      "locked": {
        "lastModified": 1788919247,
        "narHash": "sha256-hZCMjUqcKWYCLqPXek769g+lt6SUMIIvQzqVWsDW16I=",
        "ref": "main",
        "rev": "2cdbdca439015606bd7dc2f0171f994afde004a7",
        "shallow": true,
        "type": "git",
        "url": "ssh://git@github.com/JianyueLab/claude-plugin.git"
      },
      "original": {
        "ref": "main",
        "shallow": true,
        "type": "git",
        "url": "ssh://git@github.com/JianyueLab/claude-plugin.git"
      }
    },
    "jianyuelab-skills": {
      "flake": false,
      "locked": {
        "lastModified": 1788966381,
        "narHash": "sha256-d6p06rrFxgMnel2GL1FnRFUAnPCtx/w8BAmK9Iizlq4=",
        "ref": "main",
        "rev": "562761b7cc669f72535fdc3b5036278836ecc4e8",
        "shallow": true,
        "type": "git",
        "url": "ssh://git@github.com/JianyueLab/skills.git"
      },
      "original": {
        "ref": "main",
        "shallow": true,
        "type": "git",
        "url": "ssh://git@github.com/JianyueLab/skills.git"
      }
    },
    "nix-secrets": {
      "inputs": {
        "nixpkgs": [
          "nixpkgs"
        ]
      },
      "locked": {
        "lastModified": 1789024218,
        "narHash": "sha256-efLkKu4cWjlpCDpA71WbPKWcUFN+FEVrNf73gBCqlKg=",
        "ref": "main",
        "rev": "5b5f0457ac38066d04b046781e710c806aa70b34",
        "shallow": true,
        "type": "git",
        "url": "ssh://git@github.com/jhl-hk/nix-secrets.git"
      },
      "original": {
        "ref": "main",
        "shallow": true,
        "type": "git",
        "url": "ssh://git@github.com/jhl-hk/nix-secrets.git"
      }
    },
    "nixpkgs": {
      "locked": {
        "lastModified": 1789073787,
        "narHash": "sha256-xfX/toC2QV707s06GbP4II/TxYF0fNQj7s5/LClNDKc=",
        "owner": "nixos",
        "repo": "nixpkgs",
        "rev": "aff8a0b28396750446e5537a96461bc4facdb287",
        "type": "github"
      },
      "original": {
        "owner": "nixos",
        "ref": "nixpkgs-unstable",
        "repo": "nixpkgs",
        "type": "github"
      }
    },
    "nixpkgs-darwin": {
      "locked": {
        "lastModified": 1789090104,
        "narHash": "sha256-aYuIOkjWlA2YvXzx9NVgwHtGZqA+J6G7Dt3wbuuGwlg=",
        "owner": "nixos",
        "repo": "nixpkgs",
        "rev": "b378e416ccd4a9d27aba331c8f51a7c985dea1a0",
        "type": "github"
      },
      "original": {
        "owner": "nixos",
        "ref": "nixpkgs-26.05-darwin",
        "repo": "nixpkgs",
        "type": "github"
      }
    },
    "privacy-skills": {
      "flake": false,
      "locked": {
        "lastModified": 1773691611,
        "narHash": "sha256-G5Vh/KW0rdAtfanLMBA+UISLT4Ir1giKVEzyJ1T5joI=",
        "owner": "mukul975",
        "repo": "Privacy-Data-Protection-Skills",
        "rev": "9b2ef9eae161c00a17241d42a388571321b33e9f",
        "type": "github"
      },
      "original": {
        "owner": "mukul975",
        "repo": "Privacy-Data-Protection-Skills",
        "type": "github"
      }
    },
    "root": {
      "inputs": {
        "alireza-skills": "alireza-skills",
        "anthropic-skills": "anthropic-skills",
        "darwin": "darwin",
        "emil-skills": "emil-skills",
        "grc-skills": "grc-skills",
        "home-manager": "home-manager",
        "jianyuelab-docs": "jianyuelab-docs",
        "jianyuelab-plugins": "jianyuelab-plugins",
        "jianyuelab-skills": "jianyuelab-skills",
        "nix-secrets": "nix-secrets",
        "nixpkgs": "nixpkgs",
        "nixpkgs-darwin": "nixpkgs-darwin",
        "privacy-skills": "privacy-skills",
        "sops-nix": "sops-nix",
        "wakatime-antigravity": "wakatime-antigravity",
        "wakatime-codex": "wakatime-codex"
      }
    },
    "sops-nix": {
      "inputs": {
        "nixpkgs": [
          "nixpkgs"
        ]
      },
      "locked": {
        "lastModified": 1788914643,
        "narHash": "sha256-4GuMPW90JSxXWDPUB9M+1m7fYbe3H0apOd86/zBQ2Kw=",
        "owner": "Mic92",
        "repo": "sops-nix",
        "rev": "13616fff713a9f94055c66f15687ebdc17a335df",
        "type": "github"
      },
      "original": {
        "owner": "Mic92",
        "repo": "sops-nix",
        "type": "github"
      }
    },
    "wakatime-antigravity": {
      "flake": false,
      "locked": {
        "lastModified": 1788188365,
        "narHash": "sha256-DpcjikQNsrn6NmJwAnIwM2naHeoM5qYn8KQHa5phzRQ=",
        "owner": "wakatime",
        "repo": "antigravity-wakatime",
        "rev": "463526c52ba95a652929244b80277885f0a76a3a",
        "type": "github"
      },
      "original": {
        "owner": "wakatime",
        "repo": "antigravity-wakatime",
        "type": "github"
      }
    },
    "wakatime-codex": {
      "flake": false,
      "locked": {
        "lastModified": 1781616533,
        "narHash": "sha256-xzUudO+3DCPiJMzMzKODY5X6T/32XvKIJ1OXGN/uLvs=",
        "owner": "wakatime",
        "repo": "codex-cli-wakatime",
        "rev": "a0218436d549915c521287b9436782891e75e856",
        "type": "github"
      },
      "original": {
        "owner": "wakatime",
        "repo": "codex-cli-wakatime",
        "type": "github"
      }
    }
  },
  "root": "root",
  "version": 7
}
