{
  "nodes": {
    "alireza-skills": {
      "flake": false,
      "locked": {
        "lastModified": 1787752382,
        "narHash": "sha256-ehAXxfKTvK0QZrSkUfweQdTud7NTvQermM+jJF2ggV0=",
        "owner": "alirezarezvani",
        "repo": "claude-skills",
        "rev": "19392f7a08264ed00486a251f5b2098321771f94",
        "type": "github"
      },
      "original": {
        "owner": "alirezarezvani",
        "repo": "claude-skills",
        "type": "github"
      }
    },
    "anthropic-skills": {
      "flake": false,
      "locked": {
        "lastModified": 1790266835,
        "narHash": "sha256-xUs7UX8pOcZwR0okaSbI/f8EE5F4Zi/BUd+nIZNafPc=",
        "owner": "anthropics",
        "repo": "skills",
        "rev": "33375500bcea98d610eb30ce10ac4e59b89c390d",
        "type": "github"
      },
      "original": {
        "owner": "anthropics",
        "repo": "skills",
        "type": "github"
      }
    },
    "darwin": {
      "inputs": {
        "nixpkgs": [
          "nixpkgs-darwin"
        ]
      },
      "locked": {
        "lastModified": 1783744694,
        "narHash": "sha256-2cp6N3rrwnGYLTx9l6N+NI+kwrCWxvJUbj5WJhvB29A=",
        "owner": "lnl7",
        "repo": "nix-darwin",
        "rev": "c3e90c89649b07d1a96e4b9dd6cd0d6e44b91a74",
        "type": "github"
      },
      "original": {
        "owner": "lnl7",
        "ref": "nix-darwin-26.05",
        "repo": "nix-darwin",
        "type": "github"
      }
    },
    "emil-skills": {
      "flake": false,
      "locked": {
        "lastModified": 1790205507,
        "narHash": "sha256-Sk5EF7ou47ow2MFEq/5hC1gmlwM9QmSF4qdvipBVaGU=",
        "owner": "emilkowalski",
        "repo": "skills",
        "rev": "d16ebe60d09a5ba2afcb7054ede9d0a10c9f6128",
        "type": "github"
      },
      "original": {
        "owner": "emilkowalski",
        "repo": "skills",
        "type": "github"
      }
    },
    "grc-skills": {
      "flake": false,
      "locked": {
        "lastModified": 1789433141,
        "narHash": "sha256-kWupjPrHwcPLiGaoPSh8g8B0hCNkDtaaOIsTiN9Kz2s=",
        "owner": "Sushegaad",
        "repo": "Claude-Skills-Governance-Risk-and-Compliance",
        "rev": "34832771581acef8751b25f284dcf270dc5e40c0",
        "type": "github"
      },
      "original": {
        "owner": "Sushegaad",
        "repo": "Claude-Skills-Governance-Risk-and-Compliance",
        "type": "github"
      }
    },
    "home-manager": {
      "inputs": {
        "nixpkgs": [
          "nixpkgs"
        ]
      },
      "locked": {
        "lastModified": 1790215976,
        "narHash": "sha256-VkR1rMGyjU9jtw8ISFx5uqR9e+LEaOlhHwrseFkiIVk=",
        "owner": "nix-community",
        "repo": "home-manager",
        "rev": "a6631107a83ceab5872f298a2ea710859c80c4cb",
        "type": "github"
      },
      "original": {
        "owner": "nix-community",
        "ref": "release-26.05",
        "repo": "home-manager",
        "type": "github"
      }
    },
    "jianyuelab-docs": {
      "flake": false,
      "locked": {
        "lastModified": 1788148350,
        "narHash": "sha256-9jZtaOqVXvDWrIHRDMi+Fe5BgXbjG50D0qfNjRMvyI4=",
        "ref": "main",
        "rev": "5e17a82dd37f6b770963e4995da11ab0a830c691",
        "shallow": true,
        "type": "git",
        "url": "ssh://git@github.com/JianyueLab/Docs.git"
      },
      "original": {
        "ref": "main",
        "shallow": true,
        "type": "git",
        "url": "ssh://git@github.com/JianyueLab/Docs.git"
      }
    },
    "jianyuelab-plugins": {
      "flake": false,
      "locked": {
        "lastModified": 1789309123,
        "narHash": "sha256-cE0zoF5RgdNa+KNs5LxqIMdCYJ8RoTAoKQdvObr22dE=",
        "ref": "main",
        "rev": "da6c4877d38714816d3db6949f28003e4f998ee9",
        "shallow": true,
        "type": "git",
        "url": "ssh://git@github.com/JianyueLab/claude-plugin.git"
      },
      "original": {
        "ref": "main",
        "shallow": true,
        "type": "git",
        "url": "ssh://git@github.com/JianyueLab/claude-plugin.git"
      }
    },
    "jianyuelab-skills": {
      "flake": false,
      "locked": {
        "lastModified": 1788966381,
        "narHash": "sha256-d6p06rrFxgMnel2GL1FnRFUAnPCtx/w8BAmK9Iizlq4=",
        "ref": "main",
        "rev": "562761b7cc669f72535fdc3b5036278836ecc4e8",
        "shallow": true,
        "type": "git",
        "url": "ssh://git@github.com/JianyueLab/skills.git"
      },
      "original": {
        "ref": "main",
        "shallow": true,
        "type": "git",
        "url": "ssh://git@github.com/JianyueLab/skills.git"
      }
    },
    "nix-secrets": {
      "inputs": {
        "nixpkgs": [
          "nixpkgs"
        ]
      },
      "locked": {
        "lastModified": 1789796708,
        "narHash": "sha256-MZe8TzaCeZuxz7kkGRfBYk6FVK/7tUv8AWs7/QsUz4E=",
        "ref": "main",
        "rev": "c8f891ccfd93c5808b62e83333c8e3677e8cfb55",
        "shallow": true,
        "type": "git",
        "url": "ssh://git@github.com/jhl-hk/nix-secrets.git"
      },
      "original": {
        "ref": "main",
        "shallow": true,
        "type": "git",
        "url": "ssh://git@github.com/jhl-hk/nix-secrets.git"
      }
    },
    "nixpkgs": {
      "locked": {
        "lastModified": 1790361504,
        "narHash": "sha256-s1k+HBVKC2tU/0CGYEuFGmGLlh2bNRRzNorrgRA4Jn8=",
        "owner": "nixos",
        "repo": "nixpkgs",
        "rev": "79b6d20e55596f80baa35cda2a334da8a1fbf1ea",
        "type": "github"
      },
      "original": {
        "owner": "nixos",
        "ref": "nixpkgs-unstable",
        "repo": "nixpkgs",
        "type": "github"
      }
    },
    "nixpkgs-darwin": {
      "locked": {
        "lastModified": 1790291545,
        "narHash": "sha256-WQhNWIW3PPijuZexyl5Zf0tJuQ7sKt5C9WPXVO4pMuM=",
        "owner": "nixos",
        "repo": "nixpkgs",
        "rev": "7486293a941f7b0ec123f0c431517027f705f60f",
        "type": "github"
      },
      "original": {
        "owner": "nixos",
        "ref": "nixpkgs-26.05-darwin",
        "repo": "nixpkgs",
        "type": "github"
      }
    },
    "privacy-skills": {
      "flake": false,
      "locked": {
        "lastModified": 1773691611,
        "narHash": "sha256-G5Vh/KW0rdAtfanLMBA+UISLT4Ir1giKVEzyJ1T5joI=",
        "owner": "mukul975",
        "repo": "Privacy-Data-Protection-Skills",
        "rev": "9b2ef9eae161c00a17241d42a388571321b33e9f",
        "type": "github"
      },
      "original": {
        "owner": "mukul975",
        "repo": "Privacy-Data-Protection-Skills",
        "type": "github"
      }
    },
    "root": {
      "inputs": {
        "alireza-skills": "alireza-skills",
        "anthropic-skills": "anthropic-skills",
        "darwin": "darwin",
        "emil-skills": "emil-skills",
        "grc-skills": "grc-skills",
        "home-manager": "home-manager",
        "jianyuelab-docs": "jianyuelab-docs",
        "jianyuelab-plugins": "jianyuelab-plugins",
        "jianyuelab-skills": "jianyuelab-skills",
        "nix-secrets": "nix-secrets",
        "nixpkgs": "nixpkgs",
        "nixpkgs-darwin": "nixpkgs-darwin",
        "privacy-skills": "privacy-skills",
        "sops-nix": "sops-nix",
        "wakatime-antigravity": "wakatime-antigravity",
        "wakatime-codex": "wakatime-codex"
      }
    },
    "sops-nix": {
      "inputs": {
        "nixpkgs": [
          "nixpkgs"
        ]
      },
      "locked": {
        "lastModified": 1790247521,
        "narHash": "sha256-TNfgoHsqsYYvaJImlWctfRkh4PseTagzegU1Dgdbehw=",
        "owner": "Mic92",
        "repo": "sops-nix",
        "rev": "2bd00bd9bb35fe6d114888c8f1c2e946c541dd8f",
        "type": "github"
      },
      "original": {
        "owner": "Mic92",
        "repo": "sops-nix",
        "type": "github"
      }
    },
    "wakatime-antigravity": {
      "flake": false,
      "locked": {
        "lastModified": 1788188365,
        "narHash": "sha256-DpcjikQNsrn6NmJwAnIwM2naHeoM5qYn8KQHa5phzRQ=",
        "owner": "wakatime",
        "repo": "antigravity-wakatime",
        "rev": "463526c52ba95a652929244b80277885f0a76a3a",
        "type": "github"
      },
      "original": {
        "owner": "wakatime",
        "repo": "antigravity-wakatime",
        "type": "github"
      }
    },
    "wakatime-codex": {
      "flake": false,
      "locked": {
        "lastModified": 1781616533,
        "narHash": "sha256-xzUudO+3DCPiJMzMzKODY5X6T/32XvKIJ1OXGN/uLvs=",
        "owner": "wakatime",
        "repo": "codex-cli-wakatime",
        "rev": "a0218436d549915c521287b9436782891e75e856",
        "type": "github"
      },
      "original": {
        "owner": "wakatime",
        "repo": "codex-cli-wakatime",
        "type": "github"
      }
    }
  },
  "root": "root",
  "version": 7
}
